
Microsoft Visual Studio Solution File, Format Version 12.00
# Visual Studio Version 17
VisualStudioVersion = 17.3.32901.215
MinimumVisualStudioVersion = 10.0.40219.1
Project("{9A19103F-16F7-4668-BE54-9A1E7A4F7556}") = "GeoMarker", "GeoMarker.csproj", "{5EC14B9F-56A8-4EBC-B297-2C4269B0C168}"
EndProject
Project("{9A19103F-16F7-4668-BE54-9A1E7A4F7556}") = "GeoMarkerTests", "..\GeoMarkerTests\GeoMarkerTests.csproj", "{A9412A42-DF4C-464C-B3FC-5CC799DA7598}"
EndProject
Project("{2150E333-8FDC-42A3-9474-1A3956D46DE8}") = "Solution Items", "Solution Items", "{FD76FC55-97B5-4C44-9C76-031C99CFCD2E}"
	ProjectSection(SolutionItems) = preProject
		.editorconfig = .editorconfig
	EndProjectSection
EndProject
Global
	GlobalSection(SolutionConfigurationPlatforms) = preSolution
		Debug|Any CPU = Debug|Any CPU
		Release|Any CPU = Release|Any CPU
	EndGlobalSection
	GlobalSection(ProjectConfigurationPlatforms) = postSolution
		{5EC14B9F-56A8-4EBC-B297-2C4269B0C168}.Debug|Any CPU.ActiveCfg = Debug|Any CPU
		{5EC14B9F-56A8-4EBC-B297-2C4269B0C168}.Debug|Any CPU.Build.0 = Debug|Any CPU
		{5EC14B9F-56A8-4EBC-B297-2C4269B0C168}.Release|Any CPU.ActiveCfg = Release|Any CPU
		{5EC14B9F-56A8-4EBC-B297-2C4269B0C168}.Release|Any CPU.Build.0 = Release|Any CPU
		{A9412A42-DF4C-464C-B3FC-5CC799DA7598}.Debug|Any CPU.ActiveCfg = Debug|Any CPU
		{A9412A42-DF4C-464C-B3FC-5CC799DA7598}.Debug|Any CPU.Build.0 = Debug|Any CPU
		{A9412A42-DF4C-464C-B3FC-5CC799DA7598}.Release|Any CPU.ActiveCfg = Release|Any CPU
		{A9412A42-DF4C-464C-B3FC-5CC799DA7598}.Release|Any CPU.Build.0 = Release|Any CPU
	EndGlobalSection
	GlobalSection(SolutionProperties) = preSolution
		HideSolutionNode = FALSE
	EndGlobalSection
	GlobalSection(ExtensibilityGlobals) = postSolution
		SolutionGuid = {77B704A4-4399-4D78-8886-DEDE19A5FA91}
	EndGlobalSection
EndGlobal
