
Microsoft Visual Studio Solution File, Format Version 12.00
# Visual Studio Version 17
VisualStudioVersion = 17.3.32901.215
MinimumVisualStudioVersion = 10.0.40219.1
Project("{FAE04EC0-301F-11D3-BF4B-00C04F79EFBC}") = "GeoMarker", "GeoMarker.csproj", "{5EC14B9F-56A8-4EBC-B297-2C4269B0C168}"
EndProject
Global
	GlobalSection(SolutionConfigurationPlatforms) = preSolution
		Debug|Any CPU = Debug|Any CPU
		Release|Any CPU = Release|Any CPU
	EndGlobalSection
	GlobalSection(ProjectConfigurationPlatforms) = postSolution
		{5EC14B9F-56A8-4EBC-B297-2C4269B0C168}.Debug|Any CPU.ActiveCfg = Debug|Any CPU
		{5EC14B9F-56A8-4EBC-B297-2C4269B0C168}.Debug|Any CPU.Build.0 = Debug|Any CPU
		{5EC14B9F-56A8-4EBC-B297-2C4269B0C168}.Release|Any CPU.ActiveCfg = Release|Any CPU
		{5EC14B9F-56A8-4EBC-B297-2C4269B0C168}.Release|Any CPU.Build.0 = Release|Any CPU
	EndGlobalSection
	GlobalSection(SolutionProperties) = preSolution
		HideSolutionNode = FALSE
	EndGlobalSection
	GlobalSection(ExtensibilityGlobals) = postSolution
		SolutionGuid = {77B704A4-4399-4D78-8886-DEDE19A5FA91}
	EndGlobalSection
EndGlobal
